
Microsoft Visual Studio Solution File, Format Version 12.00
Project("{FAE04EC0-301F-11D3-BF4B-00C04F79EFBC}") = "s28482_OstatnieZadaniePunktowane", "s28482_OstatnieZadaniePunktowane\s28482_OstatnieZadaniePunktowane.csproj", "{06FD6AF0-0C97-4565-ACB1-F1702CED8824}"
EndProject
Project("{FAE04EC0-301F-11D3-BF4B-00C04F79EFBC}") = "s28482_OstatnieZadaniePunktowane.Tests", "s28482_OstatnieZadaniePunktowane.Tests\s28482_OstatnieZadaniePunktowane.Tests.csproj", "{029FE464-2A23-4729-ACAF-378A19C7B1C5}"
EndProject
Global
	GlobalSection(SolutionConfigurationPlatforms) = preSolution
		Debug|Any CPU = Debug|Any CPU
		Release|Any CPU = Release|Any CPU
	EndGlobalSection
	GlobalSection(ProjectConfigurationPlatforms) = postSolution
		{06FD6AF0-0C97-4565-ACB1-F1702CED8824}.Debug|Any CPU.ActiveCfg = Debug|Any CPU
		{06FD6AF0-0C97-4565-ACB1-F1702CED8824}.Debug|Any CPU.Build.0 = Debug|Any CPU
		{06FD6AF0-0C97-4565-ACB1-F1702CED8824}.Release|Any CPU.ActiveCfg = Release|Any CPU
		{06FD6AF0-0C97-4565-ACB1-F1702CED8824}.Release|Any CPU.Build.0 = Release|Any CPU
		{029FE464-2A23-4729-ACAF-378A19C7B1C5}.Debug|Any CPU.ActiveCfg = Debug|Any CPU
		{029FE464-2A23-4729-ACAF-378A19C7B1C5}.Debug|Any CPU.Build.0 = Debug|Any CPU
		{029FE464-2A23-4729-ACAF-378A19C7B1C5}.Release|Any CPU.ActiveCfg = Release|Any CPU
		{029FE464-2A23-4729-ACAF-378A19C7B1C5}.Release|Any CPU.Build.0 = Release|Any CPU
	EndGlobalSection
EndGlobal
